<Solution>
  <Folder Name="/src/API/">
    <Project Path="src\API\Application\Application.csproj" Type="Classic C#" />
    <Project Path="src\API\Domain\Domain.csproj" Type="Classic C#" />
    <Project Path="src\API\Infrastructure\Infrastructure.csproj" Type="Classic C#" />
    <Project Path="src\API\Presentation\Presentation.csproj" Type="Classic C#" />
  </Folder>
  <Folder Name="/tests/">
    <Project Path="tests\ProjectTests\ProjectTests.csproj" Type="Classic C#" />
  </Folder>
</Solution>