
Microsoft Visual Studio Solution File, Format Version 12.00
Project("{2150E333-8FDC-42A3-9474-1A3956D46DE8}") = "src", "src", "{BB4A8AE3-26E3-4E88-A26A-6C40D4F0A11B}"
EndProject
Project("{FAE04EC0-301F-11D3-BF4B-00C04F79EFBC}") = "Presentation", "src\Presentation\Presentation.csproj", "{989E0C61-2241-4AF5-AC73-4C3DC1925672}"
EndProject
Project("{FAE04EC0-301F-11D3-BF4B-00C04F79EFBC}") = "Domain", "src\Domain\Domain.csproj", "{C6E959D7-ABD1-496C-A5F4-C30D34D62B23}"
EndProject
Project("{FAE04EC0-301F-11D3-BF4B-00C04F79EFBC}") = "Infrastructure", "src\Infrastructure\Infrastructure.csproj", "{32B7EC3D-9E23-4179-BE5D-3A21B658D498}"
EndProject
Project("{FAE04EC0-301F-11D3-BF4B-00C04F79EFBC}") = "Application", "src\Application\Application.csproj", "{3F98F9C9-4D5B-48B8-8038-A9B87D873638}"
EndProject
Global
	GlobalSection(SolutionConfigurationPlatforms) = preSolution
		Debug|Any CPU = Debug|Any CPU
		Release|Any CPU = Release|Any CPU
	EndGlobalSection
	GlobalSection(NestedProjects) = preSolution
		{989E0C61-2241-4AF5-AC73-4C3DC1925672} = {BB4A8AE3-26E3-4E88-A26A-6C40D4F0A11B}
		{C6E959D7-ABD1-496C-A5F4-C30D34D62B23} = {BB4A8AE3-26E3-4E88-A26A-6C40D4F0A11B}
		{32B7EC3D-9E23-4179-BE5D-3A21B658D498} = {BB4A8AE3-26E3-4E88-A26A-6C40D4F0A11B}
		{3F98F9C9-4D5B-48B8-8038-A9B87D873638} = {BB4A8AE3-26E3-4E88-A26A-6C40D4F0A11B}
	EndGlobalSection
	GlobalSection(ProjectConfigurationPlatforms) = postSolution
		{989E0C61-2241-4AF5-AC73-4C3DC1925672}.Debug|Any CPU.ActiveCfg = Debug|Any CPU
		{989E0C61-2241-4AF5-AC73-4C3DC1925672}.Debug|Any CPU.Build.0 = Debug|Any CPU
		{989E0C61-2241-4AF5-AC73-4C3DC1925672}.Release|Any CPU.ActiveCfg = Release|Any CPU
		{989E0C61-2241-4AF5-AC73-4C3DC1925672}.Release|Any CPU.Build.0 = Release|Any CPU
		{C6E959D7-ABD1-496C-A5F4-C30D34D62B23}.Debug|Any CPU.ActiveCfg = Debug|Any CPU
		{C6E959D7-ABD1-496C-A5F4-C30D34D62B23}.Debug|Any CPU.Build.0 = Debug|Any CPU
		{C6E959D7-ABD1-496C-A5F4-C30D34D62B23}.Release|Any CPU.ActiveCfg = Release|Any CPU
		{C6E959D7-ABD1-496C-A5F4-C30D34D62B23}.Release|Any CPU.Build.0 = Release|Any CPU
		{32B7EC3D-9E23-4179-BE5D-3A21B658D498}.Debug|Any CPU.ActiveCfg = Debug|Any CPU
		{32B7EC3D-9E23-4179-BE5D-3A21B658D498}.Debug|Any CPU.Build.0 = Debug|Any CPU
		{32B7EC3D-9E23-4179-BE5D-3A21B658D498}.Release|Any CPU.ActiveCfg = Release|Any CPU
		{32B7EC3D-9E23-4179-BE5D-3A21B658D498}.Release|Any CPU.Build.0 = Release|Any CPU
		{3F98F9C9-4D5B-48B8-8038-A9B87D873638}.Debug|Any CPU.ActiveCfg = Debug|Any CPU
		{3F98F9C9-4D5B-48B8-8038-A9B87D873638}.Debug|Any CPU.Build.0 = Debug|Any CPU
		{3F98F9C9-4D5B-48B8-8038-A9B87D873638}.Release|Any CPU.ActiveCfg = Release|Any CPU
		{3F98F9C9-4D5B-48B8-8038-A9B87D873638}.Release|Any CPU.Build.0 = Release|Any CPU
	EndGlobalSection
EndGlobal
